
Microsoft Visual Studio Solution File, Format Version 12.00
# Visual Studio 15
VisualStudioVersion = 15.0.26430.14
MinimumVisualStudioVersion = 10.0.40219.1
Project("{FAE04EC0-301F-11D3-BF4B-00C04F79EFBC}") = "xamarin_demo.Android", "xamarin_demo\xamarin_demo.Android\xamarin_demo.Android.csproj", "{2C648A81-5A84-41AB-B31F-9A94454BB3CF}"
EndProject
Project("{FAE04EC0-301F-11D3-BF4B-00C04F79EFBC}") = "xamarin_demo", "xamarin_demo\xamarin_demo\xamarin_demo.csproj", "{7D9D07BA-0E22-4DCF-B608-C0C013A25B47}"
EndProject
Project("{FAE04EC0-301F-11D3-BF4B-00C04F79EFBC}") = "xamarin_demo.UWP", "xamarin_demo\xamarin_demo.UWP\xamarin_demo.UWP.csproj", "{07480F4A-D7F4-4CD2-A2FA-9B253E1F776B}"
EndProject
Project("{FAE04EC0-301F-11D3-BF4B-00C04F79EFBC}") = "xamarin_demo.iOS", "xamarin_demo\xamarin_demo.iOS\xamarin_demo.iOS.csproj", "{5BB81432-1686-4440-93A6-04BD4F92567F}"
EndProject
Global
	GlobalSection(SolutionConfigurationPlatforms) = preSolution
		Ad-Hoc|Any CPU = Ad-Hoc|Any CPU
		Ad-Hoc|ARM = Ad-Hoc|ARM
		Ad-Hoc|iPhone = Ad-Hoc|iPhone
		Ad-Hoc|iPhoneSimulator = Ad-Hoc|iPhoneSimulator
		Ad-Hoc|x64 = Ad-Hoc|x64
		Ad-Hoc|x86 = Ad-Hoc|x86
		AppStore|Any CPU = AppStore|Any CPU
		AppStore|ARM = AppStore|ARM
		AppStore|iPhone = AppStore|iPhone
		AppStore|iPhoneSimulator = AppStore|iPhoneSimulator
		AppStore|x64 = AppStore|x64
		AppStore|x86 = AppStore|x86
		Debug|Any CPU = Debug|Any CPU
		Debug|ARM = Debug|ARM
		Debug|iPhone = Debug|iPhone
		Debug|iPhoneSimulator = Debug|iPhoneSimulator
		Debug|x64 = Debug|x64
		Debug|x86 = Debug|x86
		Release|Any CPU = Release|Any CPU
		Release|ARM = Release|ARM
		Release|iPhone = Release|iPhone
		Release|iPhoneSimulator = Release|iPhoneSimulator
		Release|x64 = Release|x64
		Release|x86 = Release|x86
	EndGlobalSection
	GlobalSection(ProjectConfigurationPlatforms) = postSolution
		{2C648A81-5A84-41AB-B31F-9A94454BB3CF}.Ad-Hoc|Any CPU.ActiveCfg = Release|Any CPU
		{2C648A81-5A84-41AB-B31F-9A94454BB3CF}.Ad-Hoc|Any CPU.Build.0 = Release|Any CPU
		{2C648A81-5A84-41AB-B31F-9A94454BB3CF}.Ad-Hoc|Any CPU.Deploy.0 = Release|Any CPU
		{2C648A81-5A84-41AB-B31F-9A94454BB3CF}.Ad-Hoc|ARM.ActiveCfg = Release|Any CPU
		{2C648A81-5A84-41AB-B31F-9A94454BB3CF}.Ad-Hoc|ARM.Build.0 = Release|Any CPU
		{2C648A81-5A84-41AB-B31F-9A94454BB3CF}.Ad-Hoc|ARM.Deploy.0 = Release|Any CPU
		{2C648A81-5A84-41AB-B31F-9A94454BB3CF}.Ad-Hoc|iPhone.ActiveCfg = Release|Any CPU
		{2C648A81-5A84-41AB-B31F-9A94454BB3CF}.Ad-Hoc|iPhone.Build.0 = Release|Any CPU
		{2C648A81-5A84-41AB-B31F-9A94454BB3CF}.Ad-Hoc|iPhone.Deploy.0 = Release|Any CPU
		{2C648A81-5A84-41AB-B31F-9A94454BB3CF}.Ad-Hoc|iPhoneSimulator.ActiveCfg = Release|Any CPU
		{2C648A81-5A84-41AB-B31F-9A94454BB3CF}.Ad-Hoc|iPhoneSimulator.Build.0 = Release|Any CPU
		{2C648A81-5A84-41AB-B31F-9A94454BB3CF}.Ad-Hoc|iPhoneSimulator.Deploy.0 = Release|Any CPU
		{2C648A81-5A84-41AB-B31F-9A94454BB3CF}.Ad-Hoc|x64.ActiveCfg = Release|Any CPU
		{2C648A81-5A84-41AB-B31F-9A94454BB3CF}.Ad-Hoc|x64.Build.0 = Release|Any CPU
		{2C648A81-5A84-41AB-B31F-9A94454BB3CF}.Ad-Hoc|x64.Deploy.0 = Release|Any CPU
		{2C648A81-5A84-41AB-B31F-9A94454BB3CF}.Ad-Hoc|x86.ActiveCfg = Release|Any CPU
		{2C648A81-5A84-41AB-B31F-9A94454BB3CF}.Ad-Hoc|x86.Build.0 = Release|Any CPU
		{2C648A81-5A84-41AB-B31F-9A94454BB3CF}.Ad-Hoc|x86.Deploy.0 = Release|Any CPU
		{2C648A81-5A84-41AB-B31F-9A94454BB3CF}.AppStore|Any CPU.ActiveCfg = Release|Any CPU
		{2C648A81-5A84-41AB-B31F-9A94454BB3CF}.AppStore|Any CPU.Build.0 = Release|Any CPU
		{2C648A81-5A84-41AB-B31F-9A94454BB3CF}.AppStore|Any CPU.Deploy.0 = Release|Any CPU
		{2C648A81-5A84-41AB-B31F-9A94454BB3CF}.AppStore|ARM.ActiveCfg = Release|Any CPU
		{2C648A81-5A84-41AB-B31F-9A94454BB3CF}.AppStore|ARM.Build.0 = Release|Any CPU
		{2C648A81-5A84-41AB-B31F-9A94454BB3CF}.AppStore|ARM.Deploy.0 = Release|Any CPU
		{2C648A81-5A84-41AB-B31F-9A94454BB3CF}.AppStore|iPhone.ActiveCfg = Release|Any CPU
		{2C648A81-5A84-41AB-B31F-9A94454BB3CF}.AppStore|iPhone.Build.0 = Release|Any CPU
		{2C648A81-5A84-41AB-B31F-9A94454BB3CF}.AppStore|iPhone.Deploy.0 = Release|Any CPU
		{2C648A81-5A84-41AB-B31F-9A94454BB3CF}.AppStore|iPhoneSimulator.ActiveCfg = Release|Any CPU
		{2C648A81-5A84-41AB-B31F-9A94454BB3CF}.AppStore|iPhoneSimulator.Build.0 = Release|Any CPU
		{2C648A81-5A84-41AB-B31F-9A94454BB3CF}.AppStore|iPhoneSimulator.Deploy.0 = Release|Any CPU
		{2C648A81-5A84-41AB-B31F-9A94454BB3CF}.AppStore|x64.ActiveCfg = Release|Any CPU
		{2C648A81-5A84-41AB-B31F-9A94454BB3CF}.AppStore|x64.Build.0 = Release|Any CPU
		{2C648A81-5A84-41AB-B31F-9A94454BB3CF}.AppStore|x64.Deploy.0 = Release|Any CPU
		{2C648A81-5A84-41AB-B31F-9A94454BB3CF}.AppStore|x86.ActiveCfg = Release|Any CPU
		{2C648A81-5A84-41AB-B31F-9A94454BB3CF}.AppStore|x86.Build.0 = Release|Any CPU
		{2C648A81-5A84-41AB-B31F-9A94454BB3CF}.AppStore|x86.Deploy.0 = Release|Any CPU
		{2C648A81-5A84-41AB-B31F-9A94454BB3CF}.Debug|Any CPU.ActiveCfg = Debug|Any CPU
		{2C648A81-5A84-41AB-B31F-9A94454BB3CF}.Debug|Any CPU.Build.0 = Debug|Any CPU
		{2C648A81-5A84-41AB-B31F-9A94454BB3CF}.Debug|Any CPU.Deploy.0 = Debug|Any CPU
		{2C648A81-5A84-41AB-B31F-9A94454BB3CF}.Debug|ARM.ActiveCfg = Debug|Any CPU
		{2C648A81-5A84-41AB-B31F-9A94454BB3CF}.Debug|ARM.Build.0 = Debug|Any CPU
		{2C648A81-5A84-41AB-B31F-9A94454BB3CF}.Debug|ARM.Deploy.0 = Debug|Any CPU
		{2C648A81-5A84-41AB-B31F-9A94454BB3CF}.Debug|iPhone.ActiveCfg = Debug|Any CPU
		{2C648A81-5A84-41AB-B31F-9A94454BB3CF}.Debug|iPhone.Build.0 = Debug|Any CPU
		{2C648A81-5A84-41AB-B31F-9A94454BB3CF}.Debug|iPhone.Deploy.0 = Debug|Any CPU
		{2C648A81-5A84-41AB-B31F-9A94454BB3CF}.Debug|iPhoneSimulator.ActiveCfg = Debug|Any CPU
		{2C648A81-5A84-41AB-B31F-9A94454BB3CF}.Debug|iPhoneSimulator.Build.0 = Debug|Any CPU
		{2C648A81-5A84-41AB-B31F-9A94454BB3CF}.Debug|iPhoneSimulator.Deploy.0 = Debug|Any CPU
		{2C648A81-5A84-41AB-B31F-9A94454BB3CF}.Debug|x64.ActiveCfg = Debug|Any CPU
		{2C648A81-5A84-41AB-B31F-9A94454BB3CF}.Debug|x64.Build.0 = Debug|Any CPU
		{2C648A81-5A84-41AB-B31F-9A94454BB3CF}.Debug|x64.Deploy.0 = Debug|Any CPU
		{2C648A81-5A84-41AB-B31F-9A94454BB3CF}.Debug|x86.ActiveCfg = Debug|Any CPU
		{2C648A81-5A84-41AB-B31F-9A94454BB3CF}.Debug|x86.Build.0 = Debug|Any CPU
		{2C648A81-5A84-41AB-B31F-9A94454BB3CF}.Debug|x86.Deploy.0 = Debug|Any CPU
		{2C648A81-5A84-41AB-B31F-9A94454BB3CF}.Release|Any CPU.ActiveCfg = Release|Any CPU
		{2C648A81-5A84-41AB-B31F-9A94454BB3CF}.Release|Any CPU.Build.0 = Release|Any CPU
		{2C648A81-5A84-41AB-B31F-9A94454BB3CF}.Release|Any CPU.Deploy.0 = Release|Any CPU
		{2C648A81-5A84-41AB-B31F-9A94454BB3CF}.Release|ARM.ActiveCfg = Release|Any CPU
		{2C648A81-5A84-41AB-B31F-9A94454BB3CF}.Release|ARM.Build.0 = Release|Any CPU
		{2C648A81-5A84-41AB-B31F-9A94454BB3CF}.Release|ARM.Deploy.0 = Release|Any CPU
		{2C648A81-5A84-41AB-B31F-9A94454BB3CF}.Release|iPhone.ActiveCfg = Release|Any CPU
		{2C648A81-5A84-41AB-B31F-9A94454BB3CF}.Release|iPhone.Build.0 = Release|Any CPU
		{2C648A81-5A84-41AB-B31F-9A94454BB3CF}.Release|iPhone.Deploy.0 = Release|Any CPU
		{2C648A81-5A84-41AB-B31F-9A94454BB3CF}.Release|iPhoneSimulator.ActiveCfg = Release|Any CPU
		{2C648A81-5A84-41AB-B31F-9A94454BB3CF}.Release|iPhoneSimulator.Build.0 = Release|Any CPU
		{2C648A81-5A84-41AB-B31F-9A94454BB3CF}.Release|iPhoneSimulator.Deploy.0 = Release|Any CPU
		{2C648A81-5A84-41AB-B31F-9A94454BB3CF}.Release|x64.ActiveCfg = Release|Any CPU
		{2C648A81-5A84-41AB-B31F-9A94454BB3CF}.Release|x64.Build.0 = Release|Any CPU
		{2C648A81-5A84-41AB-B31F-9A94454BB3CF}.Release|x64.Deploy.0 = Release|Any CPU
		{2C648A81-5A84-41AB-B31F-9A94454BB3CF}.Release|x86.ActiveCfg = Release|Any CPU
		{2C648A81-5A84-41AB-B31F-9A94454BB3CF}.Release|x86.Build.0 = Release|Any CPU
		{2C648A81-5A84-41AB-B31F-9A94454BB3CF}.Release|x86.Deploy.0 = Release|Any CPU
		{7D9D07BA-0E22-4DCF-B608-C0C013A25B47}.Ad-Hoc|Any CPU.ActiveCfg = Release|Any CPU
		{7D9D07BA-0E22-4DCF-B608-C0C013A25B47}.Ad-Hoc|Any CPU.Build.0 = Release|Any CPU
		{7D9D07BA-0E22-4DCF-B608-C0C013A25B47}.Ad-Hoc|ARM.ActiveCfg = Release|Any CPU
		{7D9D07BA-0E22-4DCF-B608-C0C013A25B47}.Ad-Hoc|ARM.Build.0 = Release|Any CPU
		{7D9D07BA-0E22-4DCF-B608-C0C013A25B47}.Ad-Hoc|iPhone.ActiveCfg = Release|Any CPU
		{7D9D07BA-0E22-4DCF-B608-C0C013A25B47}.Ad-Hoc|iPhone.Build.0 = Release|Any CPU
		{7D9D07BA-0E22-4DCF-B608-C0C013A25B47}.Ad-Hoc|iPhoneSimulator.ActiveCfg = Release|Any CPU
		{7D9D07BA-0E22-4DCF-B608-C0C013A25B47}.Ad-Hoc|iPhoneSimulator.Build.0 = Release|Any CPU
		{7D9D07BA-0E22-4DCF-B608-C0C013A25B47}.Ad-Hoc|x64.ActiveCfg = Release|Any CPU
		{7D9D07BA-0E22-4DCF-B608-C0C013A25B47}.Ad-Hoc|x64.Build.0 = Release|Any CPU
		{7D9D07BA-0E22-4DCF-B608-C0C013A25B47}.Ad-Hoc|x86.ActiveCfg = Release|Any CPU
		{7D9D07BA-0E22-4DCF-B608-C0C013A25B47}.Ad-Hoc|x86.Build.0 = Release|Any CPU
		{7D9D07BA-0E22-4DCF-B608-C0C013A25B47}.AppStore|Any CPU.ActiveCfg = Release|Any CPU
		{7D9D07BA-0E22-4DCF-B608-C0C013A25B47}.AppStore|Any CPU.Build.0 = Release|Any CPU
		{7D9D07BA-0E22-4DCF-B608-C0C013A25B47}.AppStore|ARM.ActiveCfg = Release|Any CPU
		{7D9D07BA-0E22-4DCF-B608-C0C013A25B47}.AppStore|ARM.Build.0 = Release|Any CPU
		{7D9D07BA-0E22-4DCF-B608-C0C013A25B47}.AppStore|iPhone.ActiveCfg = Release|Any CPU
		{7D9D07BA-0E22-4DCF-B608-C0C013A25B47}.AppStore|iPhone.Build.0 = Release|Any CPU
		{7D9D07BA-0E22-4DCF-B608-C0C013A25B47}.AppStore|iPhoneSimulator.ActiveCfg = Release|Any CPU
		{7D9D07BA-0E22-4DCF-B608-C0C013A25B47}.AppStore|iPhoneSimulator.Build.0 = Release|Any CPU
		{7D9D07BA-0E22-4DCF-B608-C0C013A25B47}.AppStore|x64.ActiveCfg = Release|Any CPU
		{7D9D07BA-0E22-4DCF-B608-C0C013A25B47}.AppStore|x64.Build.0 = Release|Any CPU
		{7D9D07BA-0E22-4DCF-B608-C0C013A25B47}.AppStore|x86.ActiveCfg = Release|Any CPU
		{7D9D07BA-0E22-4DCF-B608-C0C013A25B47}.AppStore|x86.Build.0 = Release|Any CPU
		{7D9D07BA-0E22-4DCF-B608-C0C013A25B47}.Debug|Any CPU.ActiveCfg = Debug|Any CPU
		{7D9D07BA-0E22-4DCF-B608-C0C013A25B47}.Debug|Any CPU.Build.0 = Debug|Any CPU
		{7D9D07BA-0E22-4DCF-B608-C0C013A25B47}.Debug|ARM.ActiveCfg = Debug|Any CPU
		{7D9D07BA-0E22-4DCF-B608-C0C013A25B47}.Debug|ARM.Build.0 = Debug|Any CPU
		{7D9D07BA-0E22-4DCF-B608-C0C013A25B47}.Debug|iPhone.ActiveCfg = Debug|Any CPU
		{7D9D07BA-0E22-4DCF-B608-C0C013A25B47}.Debug|iPhone.Build.0 = Debug|Any CPU
		{7D9D07BA-0E22-4DCF-B608-C0C013A25B47}.Debug|iPhoneSimulator.ActiveCfg = Debug|Any CPU
		{7D9D07BA-0E22-4DCF-B608-C0C013A25B47}.Debug|iPhoneSimulator.Build.0 = Debug|Any CPU
		{7D9D07BA-0E22-4DCF-B608-C0C013A25B47}.Debug|x64.ActiveCfg = Debug|Any CPU
		{7D9D07BA-0E22-4DCF-B608-C0C013A25B47}.Debug|x64.Build.0 = Debug|Any CPU
		{7D9D07BA-0E22-4DCF-B608-C0C013A25B47}.Debug|x86.ActiveCfg = Debug|Any CPU
		{7D9D07BA-0E22-4DCF-B608-C0C013A25B47}.Debug|x86.Build.0 = Debug|Any CPU
		{7D9D07BA-0E22-4DCF-B608-C0C013A25B47}.Release|Any CPU.ActiveCfg = Release|Any CPU
		{7D9D07BA-0E22-4DCF-B608-C0C013A25B47}.Release|Any CPU.Build.0 = Release|Any CPU
		{7D9D07BA-0E22-4DCF-B608-C0C013A25B47}.Release|ARM.ActiveCfg = Release|Any CPU
		{7D9D07BA-0E22-4DCF-B608-C0C013A25B47}.Release|ARM.Build.0 = Release|Any CPU
		{7D9D07BA-0E22-4DCF-B608-C0C013A25B47}.Release|iPhone.ActiveCfg = Release|Any CPU
		{7D9D07BA-0E22-4DCF-B608-C0C013A25B47}.Release|iPhone.Build.0 = Release|Any CPU
		{7D9D07BA-0E22-4DCF-B608-C0C013A25B47}.Release|iPhoneSimulator.ActiveCfg = Release|Any CPU
		{7D9D07BA-0E22-4DCF-B608-C0C013A25B47}.Release|iPhoneSimulator.Build.0 = Release|Any CPU
		{7D9D07BA-0E22-4DCF-B608-C0C013A25B47}.Release|x64.ActiveCfg = Release|Any CPU
		{7D9D07BA-0E22-4DCF-B608-C0C013A25B47}.Release|x64.Build.0 = Release|Any CPU
		{7D9D07BA-0E22-4DCF-B608-C0C013A25B47}.Release|x86.ActiveCfg = Release|Any CPU
		{7D9D07BA-0E22-4DCF-B608-C0C013A25B47}.Release|x86.Build.0 = Release|Any CPU
		{07480F4A-D7F4-4CD2-A2FA-9B253E1F776B}.Ad-Hoc|Any CPU.ActiveCfg = Release|x86
		{07480F4A-D7F4-4CD2-A2FA-9B253E1F776B}.Ad-Hoc|Any CPU.Build.0 = Release|x86
		{07480F4A-D7F4-4CD2-A2FA-9B253E1F776B}.Ad-Hoc|Any CPU.Deploy.0 = Release|x86
		{07480F4A-D7F4-4CD2-A2FA-9B253E1F776B}.Ad-Hoc|ARM.ActiveCfg = Release|ARM
		{07480F4A-D7F4-4CD2-A2FA-9B253E1F776B}.Ad-Hoc|ARM.Build.0 = Release|ARM
		{07480F4A-D7F4-4CD2-A2FA-9B253E1F776B}.Ad-Hoc|ARM.Deploy.0 = Release|ARM
		{07480F4A-D7F4-4CD2-A2FA-9B253E1F776B}.Ad-Hoc|iPhone.ActiveCfg = Release|x86
		{07480F4A-D7F4-4CD2-A2FA-9B253E1F776B}.Ad-Hoc|iPhone.Build.0 = Release|x86
		{07480F4A-D7F4-4CD2-A2FA-9B253E1F776B}.Ad-Hoc|iPhone.Deploy.0 = Release|x86
		{07480F4A-D7F4-4CD2-A2FA-9B253E1F776B}.Ad-Hoc|iPhoneSimulator.ActiveCfg = Release|x86
		{07480F4A-D7F4-4CD2-A2FA-9B253E1F776B}.Ad-Hoc|iPhoneSimulator.Build.0 = Release|x86
		{07480F4A-D7F4-4CD2-A2FA-9B253E1F776B}.Ad-Hoc|iPhoneSimulator.Deploy.0 = Release|x86
		{07480F4A-D7F4-4CD2-A2FA-9B253E1F776B}.Ad-Hoc|x64.ActiveCfg = Release|x64
		{07480F4A-D7F4-4CD2-A2FA-9B253E1F776B}.Ad-Hoc|x64.Build.0 = Release|x64
		{07480F4A-D7F4-4CD2-A2FA-9B253E1F776B}.Ad-Hoc|x64.Deploy.0 = Release|x64
		{07480F4A-D7F4-4CD2-A2FA-9B253E1F776B}.Ad-Hoc|x86.ActiveCfg = Release|x86
		{07480F4A-D7F4-4CD2-A2FA-9B253E1F776B}.Ad-Hoc|x86.Build.0 = Release|x86
		{07480F4A-D7F4-4CD2-A2FA-9B253E1F776B}.Ad-Hoc|x86.Deploy.0 = Release|x86
		{07480F4A-D7F4-4CD2-A2FA-9B253E1F776B}.AppStore|Any CPU.ActiveCfg = Release|x86
		{07480F4A-D7F4-4CD2-A2FA-9B253E1F776B}.AppStore|Any CPU.Build.0 = Release|x86
		{07480F4A-D7F4-4CD2-A2FA-9B253E1F776B}.AppStore|Any CPU.Deploy.0 = Release|x86
		{07480F4A-D7F4-4CD2-A2FA-9B253E1F776B}.AppStore|ARM.ActiveCfg = Release|ARM
		{07480F4A-D7F4-4CD2-A2FA-9B253E1F776B}.AppStore|ARM.Build.0 = Release|ARM
		{07480F4A-D7F4-4CD2-A2FA-9B253E1F776B}.AppStore|ARM.Deploy.0 = Release|ARM
		{07480F4A-D7F4-4CD2-A2FA-9B253E1F776B}.AppStore|iPhone.ActiveCfg = Release|x86
		{07480F4A-D7F4-4CD2-A2FA-9B253E1F776B}.AppStore|iPhone.Build.0 = Release|x86
		{07480F4A-D7F4-4CD2-A2FA-9B253E1F776B}.AppStore|iPhone.Deploy.0 = Release|x86
		{07480F4A-D7F4-4CD2-A2FA-9B253E1F776B}.AppStore|iPhoneSimulator.ActiveCfg = Release|x86
		{07480F4A-D7F4-4CD2-A2FA-9B253E1F776B}.AppStore|iPhoneSimulator.Build.0 = Release|x86
		{07480F4A-D7F4-4CD2-A2FA-9B253E1F776B}.AppStore|iPhoneSimulator.Deploy.0 = Release|x86
		{07480F4A-D7F4-4CD2-A2FA-9B253E1F776B}.AppStore|x64.ActiveCfg = Release|x64
		{07480F4A-D7F4-4CD2-A2FA-9B253E1F776B}.AppStore|x64.Build.0 = Release|x64
		{07480F4A-D7F4-4CD2-A2FA-9B253E1F776B}.AppStore|x64.Deploy.0 = Release|x64
		{07480F4A-D7F4-4CD2-A2FA-9B253E1F776B}.AppStore|x86.ActiveCfg = Release|x86
		{07480F4A-D7F4-4CD2-A2FA-9B253E1F776B}.AppStore|x86.Build.0 = Release|x86
		{07480F4A-D7F4-4CD2-A2FA-9B253E1F776B}.AppStore|x86.Deploy.0 = Release|x86
		{07480F4A-D7F4-4CD2-A2FA-9B253E1F776B}.Debug|Any CPU.ActiveCfg = Debug|x86
		{07480F4A-D7F4-4CD2-A2FA-9B253E1F776B}.Debug|ARM.ActiveCfg = Debug|ARM
		{07480F4A-D7F4-4CD2-A2FA-9B253E1F776B}.Debug|ARM.Build.0 = Debug|ARM
		{07480F4A-D7F4-4CD2-A2FA-9B253E1F776B}.Debug|ARM.Deploy.0 = Debug|ARM
		{07480F4A-D7F4-4CD2-A2FA-9B253E1F776B}.Debug|iPhone.ActiveCfg = Debug|x86
		{07480F4A-D7F4-4CD2-A2FA-9B253E1F776B}.Debug|iPhoneSimulator.ActiveCfg = Debug|x86
		{07480F4A-D7F4-4CD2-A2FA-9B253E1F776B}.Debug|x64.ActiveCfg = Debug|x64
		{07480F4A-D7F4-4CD2-A2FA-9B253E1F776B}.Debug|x64.Build.0 = Debug|x64
		{07480F4A-D7F4-4CD2-A2FA-9B253E1F776B}.Debug|x64.Deploy.0 = Debug|x64
		{07480F4A-D7F4-4CD2-A2FA-9B253E1F776B}.Debug|x86.ActiveCfg = Debug|x86
		{07480F4A-D7F4-4CD2-A2FA-9B253E1F776B}.Debug|x86.Build.0 = Debug|x86
		{07480F4A-D7F4-4CD2-A2FA-9B253E1F776B}.Debug|x86.Deploy.0 = Debug|x86
		{07480F4A-D7F4-4CD2-A2FA-9B253E1F776B}.Release|Any CPU.ActiveCfg = Release|x86
		{07480F4A-D7F4-4CD2-A2FA-9B253E1F776B}.Release|ARM.ActiveCfg = Release|ARM
		{07480F4A-D7F4-4CD2-A2FA-9B253E1F776B}.Release|ARM.Build.0 = Release|ARM
		{07480F4A-D7F4-4CD2-A2FA-9B253E1F776B}.Release|ARM.Deploy.0 = Release|ARM
		{07480F4A-D7F4-4CD2-A2FA-9B253E1F776B}.Release|iPhone.ActiveCfg = Release|x86
		{07480F4A-D7F4-4CD2-A2FA-9B253E1F776B}.Release|iPhoneSimulator.ActiveCfg = Release|x86
		{07480F4A-D7F4-4CD2-A2FA-9B253E1F776B}.Release|x64.ActiveCfg = Release|x64
		{07480F4A-D7F4-4CD2-A2FA-9B253E1F776B}.Release|x64.Build.0 = Release|x64
		{07480F4A-D7F4-4CD2-A2FA-9B253E1F776B}.Release|x64.Deploy.0 = Release|x64
		{07480F4A-D7F4-4CD2-A2FA-9B253E1F776B}.Release|x86.ActiveCfg = Release|x86
		{07480F4A-D7F4-4CD2-A2FA-9B253E1F776B}.Release|x86.Build.0 = Release|x86
		{07480F4A-D7F4-4CD2-A2FA-9B253E1F776B}.Release|x86.Deploy.0 = Release|x86
		{5BB81432-1686-4440-93A6-04BD4F92567F}.Ad-Hoc|Any CPU.ActiveCfg = Ad-Hoc|iPhone
		{5BB81432-1686-4440-93A6-04BD4F92567F}.Ad-Hoc|ARM.ActiveCfg = Ad-Hoc|iPhone
		{5BB81432-1686-4440-93A6-04BD4F92567F}.Ad-Hoc|iPhone.ActiveCfg = Ad-Hoc|iPhone
		{5BB81432-1686-4440-93A6-04BD4F92567F}.Ad-Hoc|iPhone.Build.0 = Ad-Hoc|iPhone
		{5BB81432-1686-4440-93A6-04BD4F92567F}.Ad-Hoc|iPhoneSimulator.ActiveCfg = Ad-Hoc|iPhoneSimulator
		{5BB81432-1686-4440-93A6-04BD4F92567F}.Ad-Hoc|iPhoneSimulator.Build.0 = Ad-Hoc|iPhoneSimulator
		{5BB81432-1686-4440-93A6-04BD4F92567F}.Ad-Hoc|x64.ActiveCfg = Ad-Hoc|iPhone
		{5BB81432-1686-4440-93A6-04BD4F92567F}.Ad-Hoc|x86.ActiveCfg = Ad-Hoc|iPhone
		{5BB81432-1686-4440-93A6-04BD4F92567F}.AppStore|Any CPU.ActiveCfg = AppStore|iPhone
		{5BB81432-1686-4440-93A6-04BD4F92567F}.AppStore|ARM.ActiveCfg = AppStore|iPhone
		{5BB81432-1686-4440-93A6-04BD4F92567F}.AppStore|iPhone.ActiveCfg = AppStore|iPhone
		{5BB81432-1686-4440-93A6-04BD4F92567F}.AppStore|iPhone.Build.0 = AppStore|iPhone
		{5BB81432-1686-4440-93A6-04BD4F92567F}.AppStore|iPhoneSimulator.ActiveCfg = AppStore|iPhoneSimulator
		{5BB81432-1686-4440-93A6-04BD4F92567F}.AppStore|iPhoneSimulator.Build.0 = AppStore|iPhoneSimulator
		{5BB81432-1686-4440-93A6-04BD4F92567F}.AppStore|x64.ActiveCfg = AppStore|iPhone
		{5BB81432-1686-4440-93A6-04BD4F92567F}.AppStore|x86.ActiveCfg = AppStore|iPhone
		{5BB81432-1686-4440-93A6-04BD4F92567F}.Debug|Any CPU.ActiveCfg = Debug|iPhone
		{5BB81432-1686-4440-93A6-04BD4F92567F}.Debug|ARM.ActiveCfg = Debug|iPhone
		{5BB81432-1686-4440-93A6-04BD4F92567F}.Debug|iPhone.ActiveCfg = Debug|iPhone
		{5BB81432-1686-4440-93A6-04BD4F92567F}.Debug|iPhone.Build.0 = Debug|iPhone
		{5BB81432-1686-4440-93A6-04BD4F92567F}.Debug|iPhoneSimulator.ActiveCfg = Debug|iPhoneSimulator
		{5BB81432-1686-4440-93A6-04BD4F92567F}.Debug|iPhoneSimulator.Build.0 = Debug|iPhoneSimulator
		{5BB81432-1686-4440-93A6-04BD4F92567F}.Debug|x64.ActiveCfg = Debug|iPhone
		{5BB81432-1686-4440-93A6-04BD4F92567F}.Debug|x86.ActiveCfg = Debug|iPhone
		{5BB81432-1686-4440-93A6-04BD4F92567F}.Release|Any CPU.ActiveCfg = Release|iPhone
		{5BB81432-1686-4440-93A6-04BD4F92567F}.Release|ARM.ActiveCfg = Release|iPhone
		{5BB81432-1686-4440-93A6-04BD4F92567F}.Release|iPhone.ActiveCfg = Release|iPhone
		{5BB81432-1686-4440-93A6-04BD4F92567F}.Release|iPhone.Build.0 = Release|iPhone
		{5BB81432-1686-4440-93A6-04BD4F92567F}.Release|iPhoneSimulator.ActiveCfg = Release|iPhoneSimulator
		{5BB81432-1686-4440-93A6-04BD4F92567F}.Release|iPhoneSimulator.Build.0 = Release|iPhoneSimulator
		{5BB81432-1686-4440-93A6-04BD4F92567F}.Release|x64.ActiveCfg = Release|iPhone
		{5BB81432-1686-4440-93A6-04BD4F92567F}.Release|x86.ActiveCfg = Release|iPhone
	EndGlobalSection
	GlobalSection(SolutionProperties) = preSolution
		HideSolutionNode = FALSE
	EndGlobalSection
EndGlobal
